// !$*UTF8*$!
{
	archiveVersion = 1;
	classes = {
	};
	objectVersion = 56;
	objects = {

/* Begin PBXBuildFile section */
		0B4377222A98766D004E6B0F /* ButtonView.swift in Sources */ = {isa = PBXBuildFile; fileRef = 0B4377212A98766D004E6B0F /* ButtonView.swift */; };
		0B4377242A987A46004E6B0F /* ColorExtension.swift in Sources */ = {isa = PBXBuildFile; fileRef = 0B4377232A987A46004E6B0F /* ColorExtension.swift */; };
		0B4377262A987D1E004E6B0F /* TextFieldView.swift in Sources */ = {isa = PBXBuildFile; fileRef = 0B4377252A987D1E004E6B0F /* TextFieldView.swift */; };
		0B4377282A989406004E6B0F /* Sound.swift in Sources */ = {isa = PBXBuildFile; fileRef = 0B4377272A989406004E6B0F /* Sound.swift */; };
		0B43772C2A989737004E6B0F /* rooster.mp3 in Resources */ = {isa = PBXBuildFile; fileRef = 0B43772A2A989736004E6B0F /* rooster.mp3 */; };
		0B43772D2A989737004E6B0F /* siren.mp3 in Resources */ = {isa = PBXBuildFile; fileRef = 0B43772B2A989736004E6B0F /* siren.mp3 */; };
		0B4377342A98B18A004E6B0F /* OnboardingView.swift in Sources */ = {isa = PBXBuildFile; fileRef = 0B4377332A98B18A004E6B0F /* OnboardingView.swift */; };
		0B4377362A98B6FB004E6B0F /* Onboarding2View.swift in Sources */ = {isa = PBXBuildFile; fileRef = 0B4377352A98B6FB004E6B0F /* Onboarding2View.swift */; };
		0B4377382A98BBA4004E6B0F /* MainView.swift in Sources */ = {isa = PBXBuildFile; fileRef = 0B4377372A98BBA4004E6B0F /* MainView.swift */; };
		0B43773A2A98C575004E6B0F /* ShelterRoute.swift in Sources */ = {isa = PBXBuildFile; fileRef = 0B4377392A98C575004E6B0F /* ShelterRoute.swift */; };
		0B43773E2A98CDC5004E6B0F /* DisasterCheckView.swift in Sources */ = {isa = PBXBuildFile; fileRef = 0B43773D2A98CDC5004E6B0F /* DisasterCheckView.swift */; };
		0B4377422A98F521004E6B0F /* GuidelinesView.swift in Sources */ = {isa = PBXBuildFile; fileRef = 0B4377412A98F521004E6B0F /* GuidelinesView.swift */; };
		0B4377442A98F638004E6B0F /* EarthquakeGuide.swift in Sources */ = {isa = PBXBuildFile; fileRef = 0B4377432A98F638004E6B0F /* EarthquakeGuide.swift */; };
		0B4377462A98FDC7004E6B0F /* WarGuide.swift in Sources */ = {isa = PBXBuildFile; fileRef = 0B4377452A98FDC7004E6B0F /* WarGuide.swift */; };
		0B4377482A98FFB3004E6B0F /* SirenView.swift in Sources */ = {isa = PBXBuildFile; fileRef = 0B4377472A98FFB3004E6B0F /* SirenView.swift */; };
		0B43774A2A9903D4004E6B0F /* HealthInfoView.swift in Sources */ = {isa = PBXBuildFile; fileRef = 0B4377492A9903D4004E6B0F /* HealthInfoView.swift */; };
		7054D99B2A993C5C00F300F7 /* MapView.swift in Sources */ = {isa = PBXBuildFile; fileRef = 7054D99A2A993C5C00F300F7 /* MapView.swift */; };
		7054D99D2A993C7500F300F7 /* LocationManager.swift in Sources */ = {isa = PBXBuildFile; fileRef = 7054D99C2A993C7500F300F7 /* LocationManager.swift */; };
		7054D99F2A993CB400F300F7 /* NavigatingDirectionView.swift in Sources */ = {isa = PBXBuildFile; fileRef = 7054D99E2A993CB400F300F7 /* NavigatingDirectionView.swift */; };
		70FFD8742A9866FD00BC1BF1 /* WhiteCaneApp.swift in Sources */ = {isa = PBXBuildFile; fileRef = 70FFD8732A9866FD00BC1BF1 /* WhiteCaneApp.swift */; };
		70FFD8762A9866FD00BC1BF1 /* ContentView.swift in Sources */ = {isa = PBXBuildFile; fileRef = 70FFD8752A9866FD00BC1BF1 /* ContentView.swift */; };
		70FFD8782A9866FD00BC1BF1 /* Assets.xcassets in Resources */ = {isa = PBXBuildFile; fileRef = 70FFD8772A9866FD00BC1BF1 /* Assets.xcassets */; };
		70FFD87B2A9866FD00BC1BF1 /* Preview Assets.xcassets in Resources */ = {isa = PBXBuildFile; fileRef = 70FFD87A2A9866FD00BC1BF1 /* Preview Assets.xcassets */; };
		70FFD87D2A9866FD00BC1BF1 /* Persistence.swift in Sources */ = {isa = PBXBuildFile; fileRef = 70FFD87C2A9866FD00BC1BF1 /* Persistence.swift */; };
		70FFD8802A9866FD00BC1BF1 /* WhiteCane.xcdatamodeld in Sources */ = {isa = PBXBuildFile; fileRef = 70FFD87E2A9866FD00BC1BF1 /* WhiteCane.xcdatamodeld */; };
		86E7561F2A993A8C0053ABB1 /* MLTestView.swift in Sources */ = {isa = PBXBuildFile; fileRef = 86E7561D2A993A8C0053ABB1 /* MLTestView.swift */; };
		86E756202A993A8C0053ABB1 /* MyTestML.mlmodel in Sources */ = {isa = PBXBuildFile; fileRef = 86E7561E2A993A8C0053ABB1 /* MyTestML.mlmodel */; };
/* End PBXBuildFile section */

/* Begin PBXFileReference section */
		0B4377212A98766D004E6B0F /* ButtonView.swift */ = {isa = PBXFileReference; lastKnownFileType = sourcecode.swift; path = ButtonView.swift; sourceTree = "<group>"; };
		0B4377232A987A46004E6B0F /* ColorExtension.swift */ = {isa = PBXFileReference; lastKnownFileType = sourcecode.swift; path = ColorExtension.swift; sourceTree = "<group>"; };
		0B4377252A987D1E004E6B0F /* TextFieldView.swift */ = {isa = PBXFileReference; lastKnownFileType = sourcecode.swift; path = TextFieldView.swift; sourceTree = "<group>"; };
		0B4377272A989406004E6B0F /* Sound.swift */ = {isa = PBXFileReference; lastKnownFileType = sourcecode.swift; path = Sound.swift; sourceTree = "<group>"; };
		0B43772A2A989736004E6B0F /* rooster.mp3 */ = {isa = PBXFileReference; lastKnownFileType = audio.mp3; path = rooster.mp3; sourceTree = "<group>"; };
		0B43772B2A989736004E6B0F /* siren.mp3 */ = {isa = PBXFileReference; lastKnownFileType = audio.mp3; path = siren.mp3; sourceTree = "<group>"; };
		0B4377332A98B18A004E6B0F /* OnboardingView.swift */ = {isa = PBXFileReference; lastKnownFileType = sourcecode.swift; path = OnboardingView.swift; sourceTree = "<group>"; };
		0B4377352A98B6FB004E6B0F /* Onboarding2View.swift */ = {isa = PBXFileReference; lastKnownFileType = sourcecode.swift; path = Onboarding2View.swift; sourceTree = "<group>"; };
		0B4377372A98BBA4004E6B0F /* MainView.swift */ = {isa = PBXFileReference; lastKnownFileType = sourcecode.swift; path = MainView.swift; sourceTree = "<group>"; };
		0B4377392A98C575004E6B0F /* ShelterRoute.swift */ = {isa = PBXFileReference; lastKnownFileType = sourcecode.swift; path = ShelterRoute.swift; sourceTree = "<group>"; };
		0B43773D2A98CDC5004E6B0F /* DisasterCheckView.swift */ = {isa = PBXFileReference; lastKnownFileType = sourcecode.swift; path = DisasterCheckView.swift; sourceTree = "<group>"; };
		0B4377412A98F521004E6B0F /* GuidelinesView.swift */ = {isa = PBXFileReference; lastKnownFileType = sourcecode.swift; path = GuidelinesView.swift; sourceTree = "<group>"; };
		0B4377432A98F638004E6B0F /* EarthquakeGuide.swift */ = {isa = PBXFileReference; lastKnownFileType = sourcecode.swift; path = EarthquakeGuide.swift; sourceTree = "<group>"; };
		0B4377452A98FDC7004E6B0F /* WarGuide.swift */ = {isa = PBXFileReference; lastKnownFileType = sourcecode.swift; path = WarGuide.swift; sourceTree = "<group>"; };
		0B4377472A98FFB3004E6B0F /* SirenView.swift */ = {isa = PBXFileReference; lastKnownFileType = sourcecode.swift; path = SirenView.swift; sourceTree = "<group>"; };
		0B4377492A9903D4004E6B0F /* HealthInfoView.swift */ = {isa = PBXFileReference; lastKnownFileType = sourcecode.swift; path = HealthInfoView.swift; sourceTree = "<group>"; };
		7054D99A2A993C5C00F300F7 /* MapView.swift */ = {isa = PBXFileReference; lastKnownFileType = sourcecode.swift; path = MapView.swift; sourceTree = "<group>"; };
		7054D99C2A993C7500F300F7 /* LocationManager.swift */ = {isa = PBXFileReference; lastKnownFileType = sourcecode.swift; path = LocationManager.swift; sourceTree = "<group>"; };
		7054D99E2A993CB400F300F7 /* NavigatingDirectionView.swift */ = {isa = PBXFileReference; lastKnownFileType = sourcecode.swift; path = NavigatingDirectionView.swift; sourceTree = "<group>"; };
		70FFD8702A9866FD00BC1BF1 /* WhiteCane.app */ = {isa = PBXFileReference; explicitFileType = wrapper.application; includeInIndex = 0; path = WhiteCane.app; sourceTree = BUILT_PRODUCTS_DIR; };
		70FFD8732A9866FD00BC1BF1 /* WhiteCaneApp.swift */ = {isa = PBXFileReference; lastKnownFileType = sourcecode.swift; path = WhiteCaneApp.swift; sourceTree = "<group>"; };
		70FFD8752A9866FD00BC1BF1 /* ContentView.swift */ = {isa = PBXFileReference; lastKnownFileType = sourcecode.swift; path = ContentView.swift; sourceTree = "<group>"; };
		70FFD8772A9866FD00BC1BF1 /* Assets.xcassets */ = {isa = PBXFileReference; lastKnownFileType = folder.assetcatalog; path = Assets.xcassets; sourceTree = "<group>"; };
		70FFD87A2A9866FD00BC1BF1 /* Preview Assets.xcassets */ = {isa = PBXFileReference; lastKnownFileType = folder.assetcatalog; path = "Preview Assets.xcassets"; sourceTree = "<group>"; };
		70FFD87C2A9866FD00BC1BF1 /* Persistence.swift */ = {isa = PBXFileReference; lastKnownFileType = sourcecode.swift; path = Persistence.swift; sourceTree = "<group>"; };
		70FFD87F2A9866FD00BC1BF1 /* WhiteCane.xcdatamodel */ = {isa = PBXFileReference; lastKnownFileType = wrapper.xcdatamodel; path = WhiteCane.xcdatamodel; sourceTree = "<group>"; };
		86E7561D2A993A8C0053ABB1 /* MLTestView.swift */ = {isa = PBXFileReference; fileEncoding = 4; lastKnownFileType = sourcecode.swift; path = MLTestView.swift; sourceTree = "<group>"; };
		86E7561E2A993A8C0053ABB1 /* MyTestML.mlmodel */ = {isa = PBXFileReference; lastKnownFileType = file.mlmodel; path = MyTestML.mlmodel; sourceTree = "<group>"; };
/* End PBXFileReference section */

/* Begin PBXFrameworksBuildPhase section */
		70FFD86D2A9866FD00BC1BF1 /* Frameworks */ = {
			isa = PBXFrameworksBuildPhase;
			buildActionMask = 2147483647;
			files = (
			);
			runOnlyForDeploymentPostprocessing = 0;
		};
/* End PBXFrameworksBuildPhase section */

/* Begin PBXGroup section */
		0B4377292A989728004E6B0F /* Sound */ = {
			isa = PBXGroup;
			children = (
				0B43772A2A989736004E6B0F /* rooster.mp3 */,
				0B43772B2A989736004E6B0F /* siren.mp3 */,
			);
			path = Sound;
			sourceTree = "<group>";
		};
		0B4377322A98B167004E6B0F /* View */ = {
			isa = PBXGroup;
			children = (
				0B4377332A98B18A004E6B0F /* OnboardingView.swift */,
				0B4377352A98B6FB004E6B0F /* Onboarding2View.swift */,
				0B4377372A98BBA4004E6B0F /* MainView.swift */,
				0B4377392A98C575004E6B0F /* ShelterRoute.swift */,
				0B43773D2A98CDC5004E6B0F /* DisasterCheckView.swift */,
				0B4377412A98F521004E6B0F /* GuidelinesView.swift */,
				0B4377432A98F638004E6B0F /* EarthquakeGuide.swift */,
				0B4377452A98FDC7004E6B0F /* WarGuide.swift */,
				0B4377472A98FFB3004E6B0F /* SirenView.swift */,
				0B4377492A9903D4004E6B0F /* HealthInfoView.swift */,
			);
			path = View;
			sourceTree = "<group>";
		};
		0B762F8B2A98688F0085B5E6 /* Musk */ = {
			isa = PBXGroup;
			children = (
				0B4377272A989406004E6B0F /* Sound.swift */,
				0B4377212A98766D004E6B0F /* ButtonView.swift */,
				0B4377252A987D1E004E6B0F /* TextFieldView.swift */,
				0B4377232A987A46004E6B0F /* ColorExtension.swift */,
				0B4377322A98B167004E6B0F /* View */,
			);
			path = Musk;
			sourceTree = "<group>";
		};
		7054D9992A993C3F00F300F7 /* Junyoo */ = {
			isa = PBXGroup;
			children = (
				7054D99A2A993C5C00F300F7 /* MapView.swift */,
				7054D99C2A993C7500F300F7 /* LocationManager.swift */,
				7054D99E2A993CB400F300F7 /* NavigatingDirectionView.swift */,
			);
			path = Junyoo;
			sourceTree = "<group>";
		};
		70FFD8672A9866FD00BC1BF1 = {
			isa = PBXGroup;
			children = (
				70FFD8722A9866FD00BC1BF1 /* WhiteCane */,
				70FFD8712A9866FD00BC1BF1 /* Products */,
			);
			sourceTree = "<group>";
		};
		70FFD8712A9866FD00BC1BF1 /* Products */ = {
			isa = PBXGroup;
			children = (
				70FFD8702A9866FD00BC1BF1 /* WhiteCane.app */,
			);
			name = Products;
			sourceTree = "<group>";
		};
		70FFD8722A9866FD00BC1BF1 /* WhiteCane */ = {
			isa = PBXGroup;
			children = (
				7054D9992A993C3F00F300F7 /* Junyoo */,
				86E7561C2A993A8C0053ABB1 /* Jerry */,
				0B4377292A989728004E6B0F /* Sound */,
				0B762F8B2A98688F0085B5E6 /* Musk */,
				70FFD8732A9866FD00BC1BF1 /* WhiteCaneApp.swift */,
				70FFD8752A9866FD00BC1BF1 /* ContentView.swift */,
				70FFD8772A9866FD00BC1BF1 /* Assets.xcassets */,
				70FFD87C2A9866FD00BC1BF1 /* Persistence.swift */,
				70FFD87E2A9866FD00BC1BF1 /* WhiteCane.xcdatamodeld */,
				70FFD8792A9866FD00BC1BF1 /* Preview Content */,
			);
			path = WhiteCane;
			sourceTree = "<group>";
		};
		70FFD8792A9866FD00BC1BF1 /* Preview Content */ = {
			isa = PBXGroup;
			children = (
				70FFD87A2A9866FD00BC1BF1 /* Preview Assets.xcassets */,
			);
			path = "Preview Content";
			sourceTree = "<group>";
		};
		86E7561C2A993A8C0053ABB1 /* Jerry */ = {
			isa = PBXGroup;
			children = (
				86E7561D2A993A8C0053ABB1 /* MLTestView.swift */,
				86E7561E2A993A8C0053ABB1 /* MyTestML.mlmodel */,
			);
			path = Jerry;
			sourceTree = "<group>";
		};
/* End PBXGroup section */

/* Begin PBXNativeTarget section */
		70FFD86F2A9866FD00BC1BF1 /* WhiteCane */ = {
			isa = PBXNativeTarget;
			buildConfigurationList = 70FFD8832A9866FD00BC1BF1 /* Build configuration list for PBXNativeTarget "WhiteCane" */;
			buildPhases = (
				70FFD86C2A9866FD00BC1BF1 /* Sources */,
				70FFD86D2A9866FD00BC1BF1 /* Frameworks */,
				70FFD86E2A9866FD00BC1BF1 /* Resources */,
			);
			buildRules = (
			);
			dependencies = (
			);
			name = WhiteCane;
			productName = WhiteCane;
			productReference = 70FFD8702A9866FD00BC1BF1 /* WhiteCane.app */;
			productType = "com.apple.product-type.application";
		};
/* End PBXNativeTarget section */

/* Begin PBXProject section */
		70FFD8682A9866FD00BC1BF1 /* Project object */ = {
			isa = PBXProject;
			attributes = {
				BuildIndependentTargetsInParallel = 1;
				LastSwiftUpdateCheck = 1430;
				LastUpgradeCheck = 1430;
				TargetAttributes = {
					70FFD86F2A9866FD00BC1BF1 = {
						CreatedOnToolsVersion = 14.3;
					};
				};
			};
			buildConfigurationList = 70FFD86B2A9866FD00BC1BF1 /* Build configuration list for PBXProject "WhiteCane" */;
			compatibilityVersion = "Xcode 14.0";
			developmentRegion = en;
			hasScannedForEncodings = 0;
			knownRegions = (
				en,
				Base,
			);
			mainGroup = 70FFD8672A9866FD00BC1BF1;
			productRefGroup = 70FFD8712A9866FD00BC1BF1 /* Products */;
			projectDirPath = "";
			projectRoot = "";
			targets = (
				70FFD86F2A9866FD00BC1BF1 /* WhiteCane */,
			);
		};
/* End PBXProject section */

/* Begin PBXResourcesBuildPhase section */
		70FFD86E2A9866FD00BC1BF1 /* Resources */ = {
			isa = PBXResourcesBuildPhase;
			buildActionMask = 2147483647;
			files = (
				0B43772D2A989737004E6B0F /* siren.mp3 in Resources */,
				70FFD87B2A9866FD00BC1BF1 /* Preview Assets.xcassets in Resources */,
				0B43772C2A989737004E6B0F /* rooster.mp3 in Resources */,
				70FFD8782A9866FD00BC1BF1 /* Assets.xcassets in Resources */,
			);
			runOnlyForDeploymentPostprocessing = 0;
		};
/* End PBXResourcesBuildPhase section */

/* Begin PBXSourcesBuildPhase section */
		70FFD86C2A9866FD00BC1BF1 /* Sources */ = {
			isa = PBXSourcesBuildPhase;
			buildActionMask = 2147483647;
			files = (
				70FFD87D2A9866FD00BC1BF1 /* Persistence.swift in Sources */,
				86E7561F2A993A8C0053ABB1 /* MLTestView.swift in Sources */,
				0B4377462A98FDC7004E6B0F /* WarGuide.swift in Sources */,
				86E756202A993A8C0053ABB1 /* MyTestML.mlmodel in Sources */,
				0B4377262A987D1E004E6B0F /* TextFieldView.swift in Sources */,
				70FFD8762A9866FD00BC1BF1 /* ContentView.swift in Sources */,
				0B4377422A98F521004E6B0F /* GuidelinesView.swift in Sources */,
				7054D99B2A993C5C00F300F7 /* MapView.swift in Sources */,
				0B4377342A98B18A004E6B0F /* OnboardingView.swift in Sources */,
				0B43774A2A9903D4004E6B0F /* HealthInfoView.swift in Sources */,
				0B43773E2A98CDC5004E6B0F /* DisasterCheckView.swift in Sources */,
				0B4377222A98766D004E6B0F /* ButtonView.swift in Sources */,
				0B4377242A987A46004E6B0F /* ColorExtension.swift in Sources */,
				70FFD8802A9866FD00BC1BF1 /* WhiteCane.xcdatamodeld in Sources */,
				7054D99D2A993C7500F300F7 /* LocationManager.swift in Sources */,
				0B43773A2A98C575004E6B0F /* ShelterRoute.swift in Sources */,
				0B4377442A98F638004E6B0F /* EarthquakeGuide.swift in Sources */,
				0B4377482A98FFB3004E6B0F /* SirenView.swift in Sources */,
				0B4377382A98BBA4004E6B0F /* MainView.swift in Sources */,
				0B4377362A98B6FB004E6B0F /* Onboarding2View.swift in Sources */,
				70FFD8742A9866FD00BC1BF1 /* WhiteCaneApp.swift in Sources */,
				0B4377282A989406004E6B0F /* Sound.swift in Sources */,
				7054D99F2A993CB400F300F7 /* NavigatingDirectionView.swift in Sources */,
			);
			runOnlyForDeploymentPostprocessing = 0;
		};
/* End PBXSourcesBuildPhase section */

/* Begin XCBuildConfiguration section */
		70FFD8812A9866FD00BC1BF1 /* Debug */ = {
			isa = XCBuildConfiguration;
			buildSettings = {
				ALWAYS_SEARCH_USER_PATHS = NO;
				CLANG_ANALYZER_NONNULL = YES;
				CLANG_ANALYZER_NUMBER_OBJECT_CONVERSION = YES_AGGRESSIVE;
				CLANG_CXX_LANGUAGE_STANDARD = "gnu++20";
				CLANG_ENABLE_MODULES = YES;
				CLANG_ENABLE_OBJC_ARC = YES;
				CLANG_ENABLE_OBJC_WEAK = YES;
				CLANG_WARN_BLOCK_CAPTURE_AUTORELEASING = YES;
				CLANG_WARN_BOOL_CONVERSION = YES;
				CLANG_WARN_COMMA = YES;
				CLANG_WARN_CONSTANT_CONVERSION = YES;
				CLANG_WARN_DEPRECATED_OBJC_IMPLEMENTATIONS = YES;
				CLANG_WARN_DIRECT_OBJC_ISA_USAGE = YES_ERROR;
				CLANG_WARN_DOCUMENTATION_COMMENTS = YES;
				CLANG_WARN_EMPTY_BODY = YES;
				CLANG_WARN_ENUM_CONVERSION = YES;
				CLANG_WARN_INFINITE_RECURSION = YES;
				CLANG_WARN_INT_CONVERSION = YES;
				CLANG_WARN_NON_LITERAL_NULL_CONVERSION = YES;
				CLANG_WARN_OBJC_IMPLICIT_RETAIN_SELF = YES;
				CLANG_WARN_OBJC_LITERAL_CONVERSION = YES;
				CLANG_WARN_OBJC_ROOT_CLASS = YES_ERROR;
				CLANG_WARN_QUOTED_INCLUDE_IN_FRAMEWORK_HEADER = YES;
				CLANG_WARN_RANGE_LOOP_ANALYSIS = YES;
				CLANG_WARN_STRICT_PROTOTYPES = YES;
				CLANG_WARN_SUSPICIOUS_MOVE = YES;
				CLANG_WARN_UNGUARDED_AVAILABILITY = YES_AGGRESSIVE;
				CLANG_WARN_UNREACHABLE_CODE = YES;
				CLANG_WARN__DUPLICATE_METHOD_MATCH = YES;
				COPY_PHASE_STRIP = NO;
				DEBUG_INFORMATION_FORMAT = dwarf;
				ENABLE_STRICT_OBJC_MSGSEND = YES;
				ENABLE_TESTABILITY = YES;
				GCC_C_LANGUAGE_STANDARD = gnu11;
				GCC_DYNAMIC_NO_PIC = NO;
				GCC_NO_COMMON_BLOCKS = YES;
				GCC_OPTIMIZATION_LEVEL = 0;
				GCC_PREPROCESSOR_DEFINITIONS = (
					"DEBUG=1",
					"$(inherited)",
				);
				GCC_WARN_64_TO_32_BIT_CONVERSION = YES;
				GCC_WARN_ABOUT_RETURN_TYPE = YES_ERROR;
				GCC_WARN_UNDECLARED_SELECTOR = YES;
				GCC_WARN_UNINITIALIZED_AUTOS = YES_AGGRESSIVE;
				GCC_WARN_UNUSED_FUNCTION = YES;
				GCC_WARN_UNUSED_VARIABLE = YES;
				IPHONEOS_DEPLOYMENT_TARGET = 16.4;
				MTL_ENABLE_DEBUG_INFO = INCLUDE_SOURCE;
				MTL_FAST_MATH = YES;
				ONLY_ACTIVE_ARCH = YES;
				SDKROOT = iphoneos;
				SWIFT_ACTIVE_COMPILATION_CONDITIONS = DEBUG;
				SWIFT_OPTIMIZATION_LEVEL = "-Onone";
			};
			name = Debug;
		};
		70FFD8822A9866FD00BC1BF1 /* Release */ = {
			isa = XCBuildConfiguration;
			buildSettings = {
				ALWAYS_SEARCH_USER_PATHS = NO;
				CLANG_ANALYZER_NONNULL = YES;
				CLANG_ANALYZER_NUMBER_OBJECT_CONVERSION = YES_AGGRESSIVE;
				CLANG_CXX_LANGUAGE_STANDARD = "gnu++20";
				CLANG_ENABLE_MODULES = YES;
				CLANG_ENABLE_OBJC_ARC = YES;
				CLANG_ENABLE_OBJC_WEAK = YES;
				CLANG_WARN_BLOCK_CAPTURE_AUTORELEASING = YES;
				CLANG_WARN_BOOL_CONVERSION = YES;
				CLANG_WARN_COMMA = YES;
				CLANG_WARN_CONSTANT_CONVERSION = YES;
				CLANG_WARN_DEPRECATED_OBJC_IMPLEMENTATIONS = YES;
				CLANG_WARN_DIRECT_OBJC_ISA_USAGE = YES_ERROR;
				CLANG_WARN_DOCUMENTATION_COMMENTS = YES;
				CLANG_WARN_EMPTY_BODY = YES;
				CLANG_WARN_ENUM_CONVERSION = YES;
				CLANG_WARN_INFINITE_RECURSION = YES;
				CLANG_WARN_INT_CONVERSION = YES;
				CLANG_WARN_NON_LITERAL_NULL_CONVERSION = YES;
				CLANG_WARN_OBJC_IMPLICIT_RETAIN_SELF = YES;
				CLANG_WARN_OBJC_LITERAL_CONVERSION = YES;
				CLANG_WARN_OBJC_ROOT_CLASS = YES_ERROR;
				CLANG_WARN_QUOTED_INCLUDE_IN_FRAMEWORK_HEADER = YES;
				CLANG_WARN_RANGE_LOOP_ANALYSIS = YES;
				CLANG_WARN_STRICT_PROTOTYPES = YES;
				CLANG_WARN_SUSPICIOUS_MOVE = YES;
				CLANG_WARN_UNGUARDED_AVAILABILITY = YES_AGGRESSIVE;
				CLANG_WARN_UNREACHABLE_CODE = YES;
				CLANG_WARN__DUPLICATE_METHOD_MATCH = YES;
				COPY_PHASE_STRIP = NO;
				DEBUG_INFORMATION_FORMAT = "dwarf-with-dsym";
				ENABLE_NS_ASSERTIONS = NO;
				ENABLE_STRICT_OBJC_MSGSEND = YES;
				GCC_C_LANGUAGE_STANDARD = gnu11;
				GCC_NO_COMMON_BLOCKS = YES;
				GCC_WARN_64_TO_32_BIT_CONVERSION = YES;
				GCC_WARN_ABOUT_RETURN_TYPE = YES_ERROR;
				GCC_WARN_UNDECLARED_SELECTOR = YES;
				GCC_WARN_UNINITIALIZED_AUTOS = YES_AGGRESSIVE;
				GCC_WARN_UNUSED_FUNCTION = YES;
				GCC_WARN_UNUSED_VARIABLE = YES;
				IPHONEOS_DEPLOYMENT_TARGET = 16.4;
				MTL_ENABLE_DEBUG_INFO = NO;
				MTL_FAST_MATH = YES;
				SDKROOT = iphoneos;
				SWIFT_COMPILATION_MODE = wholemodule;
				SWIFT_OPTIMIZATION_LEVEL = "-O";
				VALIDATE_PRODUCT = YES;
			};
			name = Release;
		};
		70FFD8842A9866FD00BC1BF1 /* Debug */ = {
			isa = XCBuildConfiguration;
			buildSettings = {
				ASSETCATALOG_COMPILER_APPICON_NAME = AppIcon;
				ASSETCATALOG_COMPILER_GLOBAL_ACCENT_COLOR_NAME = AccentColor;
				CODE_SIGN_STYLE = Automatic;
				CURRENT_PROJECT_VERSION = 1;
				DEVELOPMENT_ASSET_PATHS = "\"WhiteCane/Preview Content\"";
				DEVELOPMENT_TEAM = Y7F2ZW9QG3;
				ENABLE_PREVIEWS = YES;
				GENERATE_INFOPLIST_FILE = YES;
				INFOPLIST_KEY_NSLocationAlwaysAndWhenInUseUsageDescription = "";
				INFOPLIST_KEY_NSLocationWhenInUseUsageDescription = "";
				INFOPLIST_KEY_UIApplicationSceneManifest_Generation = YES;
				INFOPLIST_KEY_UIApplicationSupportsIndirectInputEvents = YES;
				INFOPLIST_KEY_UILaunchScreen_Generation = YES;
				INFOPLIST_KEY_UISupportedInterfaceOrientations_iPad = "UIInterfaceOrientationPortrait UIInterfaceOrientationPortraitUpsideDown UIInterfaceOrientationLandscapeLeft UIInterfaceOrientationLandscapeRight";
				INFOPLIST_KEY_UISupportedInterfaceOrientations_iPhone = "UIInterfaceOrientationPortrait UIInterfaceOrientationLandscapeLeft UIInterfaceOrientationLandscapeRight";
				LD_RUNPATH_SEARCH_PATHS = (
					"$(inherited)",
					"@executable_path/Frameworks",
				);
				MARKETING_VERSION = 1.0;
				PRODUCT_BUNDLE_IDENTIFIER = com.junyoo.WhiteCane;
				PRODUCT_NAME = "$(TARGET_NAME)";
				SUPPORTED_PLATFORMS = "iphoneos iphonesimulator";
				SUPPORTS_MACCATALYST = NO;
				SUPPORTS_MAC_DESIGNED_FOR_IPHONE_IPAD = NO;
				SWIFT_EMIT_LOC_STRINGS = YES;
				SWIFT_VERSION = 5.0;
				TARGETED_DEVICE_FAMILY = 1;
			};
			name = Debug;
		};
		70FFD8852A9866FD00BC1BF1 /* Release */ = {
			isa = XCBuildConfiguration;
			buildSettings = {
				ASSETCATALOG_COMPILER_APPICON_NAME = AppIcon;
				ASSETCATALOG_COMPILER_GLOBAL_ACCENT_COLOR_NAME = AccentColor;
				CODE_SIGN_STYLE = Automatic;
				CURRENT_PROJECT_VERSION = 1;
				DEVELOPMENT_ASSET_PATHS = "\"WhiteCane/Preview Content\"";
				DEVELOPMENT_TEAM = Y7F2ZW9QG3;
				ENABLE_PREVIEWS = YES;
				GENERATE_INFOPLIST_FILE = YES;
				INFOPLIST_KEY_NSLocationAlwaysAndWhenInUseUsageDescription = "";
				INFOPLIST_KEY_NSLocationWhenInUseUsageDescription = "";
				INFOPLIST_KEY_UIApplicationSceneManifest_Generation = YES;
				INFOPLIST_KEY_UIApplicationSupportsIndirectInputEvents = YES;
				INFOPLIST_KEY_UILaunchScreen_Generation = YES;
				INFOPLIST_KEY_UISupportedInterfaceOrientations_iPad = "UIInterfaceOrientationPortrait UIInterfaceOrientationPortraitUpsideDown UIInterfaceOrientationLandscapeLeft UIInterfaceOrientationLandscapeRight";
				INFOPLIST_KEY_UISupportedInterfaceOrientations_iPhone = "UIInterfaceOrientationPortrait UIInterfaceOrientationLandscapeLeft UIInterfaceOrientationLandscapeRight";
				LD_RUNPATH_SEARCH_PATHS = (
					"$(inherited)",
					"@executable_path/Frameworks",
				);
				MARKETING_VERSION = 1.0;
				PRODUCT_BUNDLE_IDENTIFIER = com.junyoo.WhiteCane;
				PRODUCT_NAME = "$(TARGET_NAME)";
				SUPPORTED_PLATFORMS = "iphoneos iphonesimulator";
				SUPPORTS_MACCATALYST = NO;
				SUPPORTS_MAC_DESIGNED_FOR_IPHONE_IPAD = NO;
				SWIFT_EMIT_LOC_STRINGS = YES;
				SWIFT_VERSION = 5.0;
				TARGETED_DEVICE_FAMILY = 1;
			};
			name = Release;
		};
/* End XCBuildConfiguration section */

/* Begin XCConfigurationList section */
		70FFD86B2A9866FD00BC1BF1 /* Build configuration list for PBXProject "WhiteCane" */ = {
			isa = XCConfigurationList;
			buildConfigurations = (
				70FFD8812A9866FD00BC1BF1 /* Debug */,
				70FFD8822A9866FD00BC1BF1 /* Release */,
			);
			defaultConfigurationIsVisible = 0;
			defaultConfigurationName = Release;
		};
		70FFD8832A9866FD00BC1BF1 /* Build configuration list for PBXNativeTarget "WhiteCane" */ = {
			isa = XCConfigurationList;
			buildConfigurations = (
				70FFD8842A9866FD00BC1BF1 /* Debug */,
				70FFD8852A9866FD00BC1BF1 /* Release */,
			);
			defaultConfigurationIsVisible = 0;
			defaultConfigurationName = Release;
		};
/* End XCConfigurationList section */

/* Begin XCVersionGroup section */
		70FFD87E2A9866FD00BC1BF1 /* WhiteCane.xcdatamodeld */ = {
			isa = XCVersionGroup;
			children = (
				70FFD87F2A9866FD00BC1BF1 /* WhiteCane.xcdatamodel */,
			);
			currentVersion = 70FFD87F2A9866FD00BC1BF1 /* WhiteCane.xcdatamodel */;
			path = WhiteCane.xcdatamodeld;
			sourceTree = "<group>";
			versionGroupType = wrapper.xcdatamodel;
		};
/* End XCVersionGroup section */
	};
	rootObject = 70FFD8682A9866FD00BC1BF1 /* Project object */;
}
